
Microsoft Visual Studio Solution File, Format Version 12.00
# Visual Studio 15
VisualStudioVersion = 15.0.28010.2036
MinimumVisualStudioVersion = 10.0.40219.1
Project("{8BC9CEB8-8B4A-11D0-8D11-00A0C91BC942}") = "a1_p2", "a1_p2\a1_p2.vcxproj", "{10E32496-FF29-4247-BFBA-F1A7C986DA83}"
EndProject
Global
	GlobalSection(SolutionConfigurationPlatforms) = preSolution
		Debug|x64 = Debug|x64
		Release|x64 = Release|x64
	EndGlobalSection
	GlobalSection(ProjectConfigurationPlatforms) = postSolution
		{10E32496-FF29-4247-BFBA-F1A7C986DA83}.Debug|x64.ActiveCfg = Debug|x64
		{10E32496-FF29-4247-BFBA-F1A7C986DA83}.Debug|x64.Build.0 = Debug|x64
		{10E32496-FF29-4247-BFBA-F1A7C986DA83}.Release|x64.ActiveCfg = Release|x64
		{10E32496-FF29-4247-BFBA-F1A7C986DA83}.Release|x64.Build.0 = Release|x64
	EndGlobalSection
	GlobalSection(SolutionProperties) = preSolution
		HideSolutionNode = FALSE
	EndGlobalSection
	GlobalSection(ExtensibilityGlobals) = postSolution
		SolutionGuid = {CFF02781-8110-4D4F-AD12-3C1D043B2588}
	EndGlobalSection
EndGlobal
